
Microsoft Visual Studio Solution File, Format Version 12.00
# Visual Studio 15
VisualStudioVersion = 15.0.28010.2046
MinimumVisualStudioVersion = 10.0.40219.1
Project("{FAE04EC0-301F-11D3-BF4B-00C04F79EFBC}") = "Cloverfield", "Cloverfield\Cloverfield.csproj", "{962D3100-359C-448F-80D1-09C309B6B2F1}"
EndProject
Global
	GlobalSection(SolutionConfigurationPlatforms) = preSolution
		Debug|Any CPU = Debug|Any CPU
		Release|Any CPU = Release|Any CPU
	EndGlobalSection
	GlobalSection(ProjectConfigurationPlatforms) = postSolution
		{962D3100-359C-448F-80D1-09C309B6B2F1}.Debug|Any CPU.ActiveCfg = Debug|Any CPU
		{962D3100-359C-448F-80D1-09C309B6B2F1}.Debug|Any CPU.Build.0 = Debug|Any CPU
		{962D3100-359C-448F-80D1-09C309B6B2F1}.Release|Any CPU.ActiveCfg = Release|Any CPU
		{962D3100-359C-448F-80D1-09C309B6B2F1}.Release|Any CPU.Build.0 = Release|Any CPU
	EndGlobalSection
	GlobalSection(SolutionProperties) = preSolution
		HideSolutionNode = FALSE
	EndGlobalSection
	GlobalSection(ExtensibilityGlobals) = postSolution
		SolutionGuid = {50373AF7-1CC3-490C-9A17-6AABF3315CBB}
	EndGlobalSection
EndGlobal
